
Microsoft Visual Studio Solution File, Format Version 12.00
# Visual Studio Version 17
VisualStudioVersion = 17.14.36705.20 d17.14
MinimumVisualStudioVersion = 10.0.40219.1
Project("{FAE04EC0-301F-11D3-BF4B-00C04F79EFBC}") = "WPF futti", "WPF futti\WPF futti.csproj", "{CC587474-D2C1-47E9-8C5A-044B79F9D7BE}"
EndProject
Global
	GlobalSection(SolutionConfigurationPlatforms) = preSolution
		Debug|Any CPU = Debug|Any CPU
		Release|Any CPU = Release|Any CPU
	EndGlobalSection
	GlobalSection(ProjectConfigurationPlatforms) = postSolution
		{CC587474-D2C1-47E9-8C5A-044B79F9D7BE}.Debug|Any CPU.ActiveCfg = Debug|Any CPU
		{CC587474-D2C1-47E9-8C5A-044B79F9D7BE}.Debug|Any CPU.Build.0 = Debug|Any CPU
		{CC587474-D2C1-47E9-8C5A-044B79F9D7BE}.Release|Any CPU.ActiveCfg = Release|Any CPU
		{CC587474-D2C1-47E9-8C5A-044B79F9D7BE}.Release|Any CPU.Build.0 = Release|Any CPU
	EndGlobalSection
	GlobalSection(SolutionProperties) = preSolution
		HideSolutionNode = FALSE
	EndGlobalSection
	GlobalSection(ExtensibilityGlobals) = postSolution
		SolutionGuid = {0249455F-1351-41BF-BC5C-9CCCB8D62DE1}
	EndGlobalSection
EndGlobal
